github.com/Unknwon/cae v0.0.0-20160715032808-c6aac99ea2ca h1:xZAcG+anFQOtm4w26wl0oK9iNDSuo3XbKjOiennmxUQ=
github.com/Unknwon/cae v0.0.0-20160715032808-c6aac99ea2ca/go.mod h1:IRSre9/SEhVuy972TVuJLyaPTS73+8Owhe0Y0l9NXHc=
github.com/gogs/git v0.0.0-20171013042608-16c37513c71a h1:nkiTAKu9OlR/ROoyXNnaDgw93rg76JYM7sxMT+iC0xE=
github.com/gogs/git v0.0.0-20171013042608-16c37513c71a/go.mod h1:qHFnFRiZhqQb9rlS4FhNdsIXTBU1DehhkDevQ/eyXUc=
